
Microsoft Visual Studio Solution File, Format Version 12.00
# Visual Studio Version 16
VisualStudioVersion = 16.0.30002.166
MinimumVisualStudioVersion = 10.0.40219.1
Project("{888888A0-9F3D-457C-B088-3A5042F75D52}") = "NixieTubeClock.Python", "NixieTubeClock.Python\NixieTubeClock.Python.pyproj", "{3D3FA6CD-DD6A-4092-AEB3-AD92C367F912}"
EndProject
Global
	GlobalSection(SolutionConfigurationPlatforms) = preSolution
		Debug|Any CPU = Debug|Any CPU
		Release|Any CPU = Release|Any CPU
	EndGlobalSection
	GlobalSection(ProjectConfigurationPlatforms) = postSolution
		{3D3FA6CD-DD6A-4092-AEB3-AD92C367F912}.Debug|Any CPU.ActiveCfg = Debug|Any CPU
		{3D3FA6CD-DD6A-4092-AEB3-AD92C367F912}.Release|Any CPU.ActiveCfg = Release|Any CPU
	EndGlobalSection
	GlobalSection(SolutionProperties) = preSolution
		HideSolutionNode = FALSE
	EndGlobalSection
	GlobalSection(ExtensibilityGlobals) = postSolution
		SolutionGuid = {4DA43D8E-16B5-4CD7-A55D-03FCF0D826B1}
	EndGlobalSection
EndGlobal
